lockfileVersion: '9.0'

settings:
  autoInstallPeers: true
  excludeLinksFromLockfile: false

importers:

  .:
    dependencies:
      papaparse:
        specifier: ^5.5.3
        version: 5.5.3
    devDependencies:
      '@types/papaparse':
        specifier: ^5.5.0
        version: 5.5.0

packages:

  '@types/node@24.10.1':
    resolution: {integrity: sha512-GNWcUTRBgIRJD5zj+Tq0fKOJ5XZajIiBroOF0yvj2bSU1WvNdYS/dn9UxwsujGW4JX06dnHyjV2y9rRaybH0iQ==}

  '@types/papaparse@5.5.0':
    resolution: {integrity: sha512-GVs5iMQmUr54BAZYYkByv8zPofFxmyxUpISPb2oh8sayR3+1zbxasrOvoKiHJ/nnoq/uULuPsu1Lze1EkagVFg==}

  papaparse@5.5.3:
    resolution: {integrity: sha512-5QvjGxYVjxO59MGU2lHVYpRWBBtKHnlIAcSe1uNFCkkptUh63NFRj0FJQm7nR67puEruUci/ZkjmEFrjCAyP4A==}

  undici-types@7.16.0:
    resolution: {integrity: sha512-Zz+aZWSj8LE6zoxD+xrjh4VfkIG8Ya6LvYkZqtUQGJPZjYl53ypCaUwWqo7eI0x66KBGeRo+mlBEkMSeSZ38Nw==}

snapshots:

  '@types/node@24.10.1':
    dependencies:
      undici-types: 7.16.0

  '@types/papaparse@5.5.0':
    dependencies:
      '@types/node': 24.10.1

  papaparse@5.5.3: {}

  undici-types@7.16.0: {}
